
Microsoft Visual Studio Solution File, Format Version 12.00
# Visual Studio 15
VisualStudioVersion = 15.0.27703.2018
MinimumVisualStudioVersion = 10.0.40219.1
Project("{FAE04EC0-301F-11D3-BF4B-00C04F79EFBC}") = "WebApp", "WebApp\WebApp.csproj", "{9957F85C-2606-4432-B1FA-90AF5C11DF42}"
EndProject
Global
	GlobalSection(SolutionConfigurationPlatforms) = preSolution
		Debug|Any CPU = Debug|Any CPU
		Release|Any CPU = Release|Any CPU
	EndGlobalSection
	GlobalSection(ProjectConfigurationPlatforms) = postSolution
		{9957F85C-2606-4432-B1FA-90AF5C11DF42}.Debug|Any CPU.ActiveCfg = Debug|Any CPU
		{9957F85C-2606-4432-B1FA-90AF5C11DF42}.Debug|Any CPU.Build.0 = Debug|Any CPU
		{9957F85C-2606-4432-B1FA-90AF5C11DF42}.Release|Any CPU.ActiveCfg = Release|Any CPU
		{9957F85C-2606-4432-B1FA-90AF5C11DF42}.Release|Any CPU.Build.0 = Release|Any CPU
	EndGlobalSection
	GlobalSection(SolutionProperties) = preSolution
		HideSolutionNode = FALSE
	EndGlobalSection
	GlobalSection(ExtensibilityGlobals) = postSolution
		SolutionGuid = {B8DC22FA-B477-4BB6-9087-55625296E555}
	EndGlobalSection
EndGlobal
